# THIS IS AN AUTOGENERATED FILE. DO NOT EDIT THIS FILE DIRECTLY.
# yarn lockfile v1


"@ckeditor/ckeditor5-core@^23.1.0":
  version "23.1.0"
  resolved "https://registry.yarnpkg.com/@ckeditor/ckeditor5-core/-/ckeditor5-core-23.1.0.tgz#abf4eeb8a98e8b99c37ebd1ebc7912a3de7652b2"
  integrity sha512-Y+ttPMKbsfdN+V5/lV5vG3cI6Y0pNs8+TygOojw8ZMQqJY5WrVsFQcoz2DzdTKKOn5VJqjE+mHcGjCyk37FeOw==
  dependencies:
    "@ckeditor/ckeditor5-engine" "^23.1.0"
    "@ckeditor/ckeditor5-utils" "^23.1.0"
    lodash-es "^4.17.15"

"@ckeditor/ckeditor5-engine@^23.1.0":
  version "23.1.0"
  resolved "https://registry.yarnpkg.com/@ckeditor/ckeditor5-engine/-/ckeditor5-engine-23.1.0.tgz#7cfdb9670a069d4559360aee7afdd1b56fbbf3a9"
  integrity sha512-HOIkiatjq/ByqHVvkaISA0l6Vab8w6gzD1QnjMv3ldgiLMD0jUAHhUZldfpYQ0s2bG+d1l/6w7C76gT8fY4/Jw==
  dependencies:
    "@ckeditor/ckeditor5-utils" "^23.1.0"
    lodash-es "^4.17.15"

"@ckeditor/ckeditor5-ui@^23.1.0":
  version "23.1.0"
  resolved "https://registry.yarnpkg.com/@ckeditor/ckeditor5-ui/-/ckeditor5-ui-23.1.0.tgz#8723f61452a5be12d4711e976d814be01ee82920"
  integrity sha512-Rw1mnp4D5SwuCHTnDhTnKzXgQbUzZHpXlce6Zf72Iw6ZfwDn2SlanIp8OKM8hYUAkoHHKLDx2QfXgHEiShC7CA==
  dependencies:
    "@ckeditor/ckeditor5-core" "^23.1.0"
    "@ckeditor/ckeditor5-utils" "^23.1.0"
    lodash-es "^4.17.15"

"@ckeditor/ckeditor5-utils@^23.1.0":
  version "23.1.0"
  resolved "https://registry.yarnpkg.com/@ckeditor/ckeditor5-utils/-/ckeditor5-utils-23.1.0.tgz#93d30c8bf0287e842af063e37bf528807ae275ed"
  integrity sha512-hbAIQQrUFZZGGsEG07Em2iH216Y7NWIhY60HqOT94wwnn/F5ZE3zRWU+KsAR1Cn2U0uOEBkYP9qIFlGRzPo7Vg==
  dependencies:
    lodash-es "^4.17.15"

lodash-es@^4.17.15:
  version "4.17.15"
  resolved "https://registry.yarnpkg.com/lodash-es/-/lodash-es-4.17.15.tgz#21bd96839354412f23d7a10340e5eac6ee455d78"
  integrity sha512-rlrc3yU3+JNOpZ9zj5pQtxnx2THmvRykwL4Xlxoa8I9lHBlVbbyPhgyPMioxVZ4NqyxaVVtaJnzsyOidQIhyyQ==
