# THIS IS AN AUTOGENERATED FILE. DO NOT EDIT THIS FILE DIRECTLY.
# yarn lockfile v1


"@ckeditor/ckeditor5-engine@^24.0.0":
  version "24.0.0"
  resolved "https://registry.yarnpkg.com/@ckeditor/ckeditor5-engine/-/ckeditor5-engine-24.0.0.tgz#316b1a3f0f80ffececb5f9d356c8bce5a57346e3"
  integrity sha512-+M/S+q5+2vuwv9oVE0dd2p3Ex0RzQiqfYJMFGmBH2Smj7RKwREYlohtx6DneMmvEbbeVyCz3eFKXgh+RkQhoAA==
  dependencies:
    "@ckeditor/ckeditor5-utils" "^24.0.0"
    lodash-es "^4.17.15"

"@ckeditor/ckeditor5-utils@^24.0.0":
  version "24.0.0"
  resolved "https://registry.yarnpkg.com/@ckeditor/ckeditor5-utils/-/ckeditor5-utils-24.0.0.tgz#4c1e829e6712a011df60d041730c57b9c14a5a22"
  integrity sha512-m+8ZuO7Gqv5WDGnoI1Y7VA8cwCa9+26/Unth6PCBq3UvOT2ivm310YTItE8TqlP14aJk178UZj8VoMTj+V3jwQ==
  dependencies:
    lodash-es "^4.17.15"

lodash-es@^4.17.15:
  version "4.17.20"
  resolved "https://registry.yarnpkg.com/lodash-es/-/lodash-es-4.17.20.tgz#29f6332eefc60e849f869c264bc71126ad61e8f7"
  integrity sha512-JD1COMZsq8maT6mnuz1UMV0jvYD0E0aUsSOdrr1/nAG3dhqQXwRRgeW0cSqH1U43INKcqxaiVIQNOUDld7gRDA==
